
Microsoft Visual Studio Solution File, Format Version 12.00
# Visual Studio Version 17
VisualStudioVersion = 17.4.33403.182
MinimumVisualStudioVersion = 10.0.40219.1
Project("{9A19103F-16F7-4668-BE54-9A1E7A4F7556}") = "recipe-sharp-dotnet", "recipe-sharp-dotnet.csproj", "{FC116908-427A-4A69-952F-0F15A4D97827}"
EndProject
Global
	GlobalSection(SolutionConfigurationPlatforms) = preSolution
		Debug|Any CPU = Debug|Any CPU
		Release|Any CPU = Release|Any CPU
	EndGlobalSection
	GlobalSection(ProjectConfigurationPlatforms) = postSolution
		{FC116908-427A-4A69-952F-0F15A4D97827}.Debug|Any CPU.ActiveCfg = Debug|Any CPU
		{FC116908-427A-4A69-952F-0F15A4D97827}.Debug|Any CPU.Build.0 = Debug|Any CPU
		{FC116908-427A-4A69-952F-0F15A4D97827}.Release|Any CPU.ActiveCfg = Release|Any CPU
		{FC116908-427A-4A69-952F-0F15A4D97827}.Release|Any CPU.Build.0 = Release|Any CPU
	EndGlobalSection
	GlobalSection(SolutionProperties) = preSolution
		HideSolutionNode = FALSE
	EndGlobalSection
	GlobalSection(ExtensibilityGlobals) = postSolution
		SolutionGuid = {A0848768-EA00-461D-98C5-4FB2F0384367}
	EndGlobalSection
EndGlobal
